// !$*UTF8*$!
{
	archiveVersion = 1;
	classes = {
	};
	objectVersion = 60;
	objects = {

/* Begin PBXBuildFile section */
		98C5055F2C464E8D00A7B045 /* EyeSpyApp.swift in Sources */ = {isa = PBXBuildFile; fileRef = 98C5055E2C464E8D00A7B045 /* EyeSpyApp.swift */; };
		98C505612C464E8D00A7B045 /* LandmarksView.swift in Sources */ = {isa = PBXBuildFile; fileRef = 98C505602C464E8D00A7B045 /* LandmarksView.swift */; };
		98C505632C464E8E00A7B045 /* Assets.xcassets in Resources */ = {isa = PBXBuildFile; fileRef = 98C505622C464E8E00A7B045 /* Assets.xcassets */; };
		98C505662C464E8E00A7B045 /* Preview Assets.xcassets in Resources */ = {isa = PBXBuildFile; fileRef = 98C505652C464E8E00A7B045 /* Preview Assets.xcassets */; };
		98C5057B2C464EB500A7B045 /* Gaze.mlpackage in Sources */ = {isa = PBXBuildFile; fileRef = 98C5057A2C464EB500A7B045 /* Gaze.mlpackage */; };
		98C5057D2C464ECF00A7B045 /* Info.plist in Resources */ = {isa = PBXBuildFile; fileRef = 98C5057C2C464ECF00A7B045 /* Info.plist */; };
		98C5058C2C464F0F00A7B045 /* PlayerView.swift in Sources */ = {isa = PBXBuildFile; fileRef = 98C5058A2C464F0F00A7B045 /* PlayerView.swift */; };
/* End PBXBuildFile section */

/* Begin PBXFileReference section */
		98C5055B2C464E8D00A7B045 /* EyeSpy.app */ = {isa = PBXFileReference; explicitFileType = wrapper.application; includeInIndex = 0; path = EyeSpy.app; sourceTree = BUILT_PRODUCTS_DIR; };
		98C5055E2C464E8D00A7B045 /* EyeSpyApp.swift */ = {isa = PBXFileReference; lastKnownFileType = sourcecode.swift; path = EyeSpyApp.swift; sourceTree = "<group>"; };
		98C505602C464E8D00A7B045 /* LandmarksView.swift */ = {isa = PBXFileReference; lastKnownFileType = sourcecode.swift; path = LandmarksView.swift; sourceTree = "<group>"; };
		98C505622C464E8E00A7B045 /* Assets.xcassets */ = {isa = PBXFileReference; lastKnownFileType = folder.assetcatalog; path = Assets.xcassets; sourceTree = "<group>"; };
		98C505652C464E8E00A7B045 /* Preview Assets.xcassets */ = {isa = PBXFileReference; lastKnownFileType = folder.assetcatalog; path = "Preview Assets.xcassets"; sourceTree = "<group>"; };
		98C505672C464E8E00A7B045 /* EyeSpy.entitlements */ = {isa = PBXFileReference; lastKnownFileType = text.plist.entitlements; path = EyeSpy.entitlements; sourceTree = "<group>"; };
		98C5057A2C464EB500A7B045 /* Gaze.mlpackage */ = {isa = PBXFileReference; lastKnownFileType = folder.mlpackage; path = Gaze.mlpackage; sourceTree = "<group>"; };
		98C5057C2C464ECF00A7B045 /* Info.plist */ = {isa = PBXFileReference; lastKnownFileType = text.plist.xml; path = Info.plist; sourceTree = "<group>"; };
		98C5058A2C464F0F00A7B045 /* PlayerView.swift */ = {isa = PBXFileReference; lastKnownFileType = sourcecode.swift; path = PlayerView.swift; sourceTree = "<group>"; };
/* End PBXFileReference section */

/* Begin PBXFrameworksBuildPhase section */
		98C505582C464E8D00A7B045 /* Frameworks */ = {
			isa = PBXFrameworksBuildPhase;
			buildActionMask = 2147483647;
			files = (
			);
			runOnlyForDeploymentPostprocessing = 0;
		};
/* End PBXFrameworksBuildPhase section */

/* Begin PBXGroup section */
		98C505522C464E8D00A7B045 = {
			isa = PBXGroup;
			children = (
				98C5055D2C464E8D00A7B045 /* EyeSpy */,
				98C5055C2C464E8D00A7B045 /* Products */,
			);
			sourceTree = "<group>";
		};
		98C5055C2C464E8D00A7B045 /* Products */ = {
			isa = PBXGroup;
			children = (
				98C5055B2C464E8D00A7B045 /* EyeSpy.app */,
			);
			name = Products;
			sourceTree = "<group>";
		};
		98C5055D2C464E8D00A7B045 /* EyeSpy */ = {
			isa = PBXGroup;
			children = (
				98C505642C464E8E00A7B045 /* Preview Content */,
				98C5058B2C464F0F00A7B045 /* Views */,
				98C5055E2C464E8D00A7B045 /* EyeSpyApp.swift */,
				98C505602C464E8D00A7B045 /* LandmarksView.swift */,
				98C5057A2C464EB500A7B045 /* Gaze.mlpackage */,
				98C5057C2C464ECF00A7B045 /* Info.plist */,
				98C505622C464E8E00A7B045 /* Assets.xcassets */,
				98C505672C464E8E00A7B045 /* EyeSpy.entitlements */,
			);
			path = EyeSpy;
			sourceTree = "<group>";
		};
		98C505642C464E8E00A7B045 /* Preview Content */ = {
			isa = PBXGroup;
			children = (
				98C505652C464E8E00A7B045 /* Preview Assets.xcassets */,
			);
			path = "Preview Content";
			sourceTree = "<group>";
		};
		98C5058B2C464F0F00A7B045 /* Views */ = {
			isa = PBXGroup;
			children = (
				98C5058A2C464F0F00A7B045 /* PlayerView.swift */,
			);
			path = Views;
			sourceTree = "<group>";
		};
/* End PBXGroup section */

/* Begin PBXNativeTarget section */
		98C5055A2C464E8D00A7B045 /* EyeSpy */ = {
			isa = PBXNativeTarget;
			buildConfigurationList = 98C5056A2C464E8E00A7B045 /* Build configuration list for PBXNativeTarget "EyeSpy" */;
			buildPhases = (
				98C505572C464E8D00A7B045 /* Sources */,
				98C505582C464E8D00A7B045 /* Frameworks */,
				98C505592C464E8D00A7B045 /* Resources */,
			);
			buildRules = (
			);
			dependencies = (
			);
			name = EyeSpy;
			productName = EyeSpy;
			productReference = 98C5055B2C464E8D00A7B045 /* EyeSpy.app */;
			productType = "com.apple.product-type.application";
		};
/* End PBXNativeTarget section */

/* Begin PBXProject section */
		98C505532C464E8D00A7B045 /* Project object */ = {
			isa = PBXProject;
			attributes = {
				BuildIndependentTargetsInParallel = 1;
				LastSwiftUpdateCheck = 1600;
				LastUpgradeCheck = 1600;
				TargetAttributes = {
					98C5055A2C464E8D00A7B045 = {
						CreatedOnToolsVersion = 16.0;
					};
				};
			};
			buildConfigurationList = 98C505562C464E8D00A7B045 /* Build configuration list for PBXProject "EyeSpy" */;
			compatibilityVersion = "Xcode 15.0";
			developmentRegion = en;
			hasScannedForEncodings = 0;
			knownRegions = (
				en,
				Base,
			);
			mainGroup = 98C505522C464E8D00A7B045;
			productRefGroup = 98C5055C2C464E8D00A7B045 /* Products */;
			projectDirPath = "";
			projectRoot = "";
			targets = (
				98C5055A2C464E8D00A7B045 /* EyeSpy */,
			);
		};
/* End PBXProject section */

/* Begin PBXResourcesBuildPhase section */
		98C505592C464E8D00A7B045 /* Resources */ = {
			isa = PBXResourcesBuildPhase;
			buildActionMask = 2147483647;
			files = (
				98C505662C464E8E00A7B045 /* Preview Assets.xcassets in Resources */,
				98C505632C464E8E00A7B045 /* Assets.xcassets in Resources */,
				98C5057D2C464ECF00A7B045 /* Info.plist in Resources */,
			);
			runOnlyForDeploymentPostprocessing = 0;
		};
/* End PBXResourcesBuildPhase section */

/* Begin PBXSourcesBuildPhase section */
		98C505572C464E8D00A7B045 /* Sources */ = {
			isa = PBXSourcesBuildPhase;
			buildActionMask = 2147483647;
			files = (
				98C5057B2C464EB500A7B045 /* Gaze.mlpackage in Sources */,
				98C505612C464E8D00A7B045 /* LandmarksView.swift in Sources */,
				98C5055F2C464E8D00A7B045 /* EyeSpyApp.swift in Sources */,
				98C5058C2C464F0F00A7B045 /* PlayerView.swift in Sources */,
			);
			runOnlyForDeploymentPostprocessing = 0;
		};
/* End PBXSourcesBuildPhase section */

/* Begin XCBuildConfiguration section */
		98C505682C464E8E00A7B045 /* Debug */ = {
			isa = XCBuildConfiguration;
			buildSettings = {
				ALWAYS_SEARCH_USER_PATHS = NO;
				ASSETCATALOG_COMPILER_GENERATE_SWIFT_ASSET_SYMBOL_EXTENSIONS = YES;
				CLANG_ANALYZER_NONNULL = YES;
				CLANG_ANALYZER_NUMBER_OBJECT_CONVERSION = YES_AGGRESSIVE;
				CLANG_CXX_LANGUAGE_STANDARD = "gnu++20";
				CLANG_ENABLE_MODULES = YES;
				CLANG_ENABLE_OBJC_ARC = YES;
				CLANG_ENABLE_OBJC_WEAK = YES;
				CLANG_WARN_BLOCK_CAPTURE_AUTORELEASING = YES;
				CLANG_WARN_BOOL_CONVERSION = YES;
				CLANG_WARN_COMMA = YES;
				CLANG_WARN_CONSTANT_CONVERSION = YES;
				CLANG_WARN_DEPRECATED_OBJC_IMPLEMENTATIONS = YES;
				CLANG_WARN_DIRECT_OBJC_ISA_USAGE = YES_ERROR;
				CLANG_WARN_DOCUMENTATION_COMMENTS = YES;
				CLANG_WARN_EMPTY_BODY = YES;
				CLANG_WARN_ENUM_CONVERSION = YES;
				CLANG_WARN_INFINITE_RECURSION = YES;
				CLANG_WARN_INT_CONVERSION = YES;
				CLANG_WARN_NON_LITERAL_NULL_CONVERSION = YES;
				CLANG_WARN_OBJC_IMPLICIT_RETAIN_SELF = YES;
				CLANG_WARN_OBJC_LITERAL_CONVERSION = YES;
				CLANG_WARN_OBJC_ROOT_CLASS = YES_ERROR;
				CLANG_WARN_QUOTED_INCLUDE_IN_FRAMEWORK_HEADER = YES;
				CLANG_WARN_RANGE_LOOP_ANALYSIS = YES;
				CLANG_WARN_STRICT_PROTOTYPES = YES;
				CLANG_WARN_SUSPICIOUS_MOVE = YES;
				CLANG_WARN_UNGUARDED_AVAILABILITY = YES_AGGRESSIVE;
				CLANG_WARN_UNREACHABLE_CODE = YES;
				CLANG_WARN__DUPLICATE_METHOD_MATCH = YES;
				COPY_PHASE_STRIP = NO;
				DEBUG_INFORMATION_FORMAT = dwarf;
				ENABLE_STRICT_OBJC_MSGSEND = YES;
				ENABLE_TESTABILITY = YES;
				ENABLE_USER_SCRIPT_SANDBOXING = YES;
				GCC_C_LANGUAGE_STANDARD = gnu17;
				GCC_DYNAMIC_NO_PIC = NO;
				GCC_NO_COMMON_BLOCKS = YES;
				GCC_OPTIMIZATION_LEVEL = 0;
				GCC_PREPROCESSOR_DEFINITIONS = (
					"DEBUG=1",
					"$(inherited)",
				);
				GCC_WARN_64_TO_32_BIT_CONVERSION = YES;
				GCC_WARN_ABOUT_RETURN_TYPE = YES_ERROR;
				GCC_WARN_UNDECLARED_SELECTOR = YES;
				GCC_WARN_UNINITIALIZED_AUTOS = YES_AGGRESSIVE;
				GCC_WARN_UNUSED_FUNCTION = YES;
				GCC_WARN_UNUSED_VARIABLE = YES;
				LOCALIZATION_PREFERS_STRING_CATALOGS = YES;
				MACOSX_DEPLOYMENT_TARGET = 15.0;
				MTL_ENABLE_DEBUG_INFO = INCLUDE_SOURCE;
				MTL_FAST_MATH = YES;
				ONLY_ACTIVE_ARCH = YES;
				SDKROOT = macosx;
				SWIFT_ACTIVE_COMPILATION_CONDITIONS = "DEBUG $(inherited)";
				SWIFT_OPTIMIZATION_LEVEL = "-Onone";
			};
			name = Debug;
		};
		98C505692C464E8E00A7B045 /* Release */ = {
			isa = XCBuildConfiguration;
			buildSettings = {
				ALWAYS_SEARCH_USER_PATHS = NO;
				ASSETCATALOG_COMPILER_GENERATE_SWIFT_ASSET_SYMBOL_EXTENSIONS = YES;
				CLANG_ANALYZER_NONNULL = YES;
				CLANG_ANALYZER_NUMBER_OBJECT_CONVERSION = YES_AGGRESSIVE;
				CLANG_CXX_LANGUAGE_STANDARD = "gnu++20";
				CLANG_ENABLE_MODULES = YES;
				CLANG_ENABLE_OBJC_ARC = YES;
				CLANG_ENABLE_OBJC_WEAK = YES;
				CLANG_WARN_BLOCK_CAPTURE_AUTORELEASING = YES;
				CLANG_WARN_BOOL_CONVERSION = YES;
				CLANG_WARN_COMMA = YES;
				CLANG_WARN_CONSTANT_CONVERSION = YES;
				CLANG_WARN_DEPRECATED_OBJC_IMPLEMENTATIONS = YES;
				CLANG_WARN_DIRECT_OBJC_ISA_USAGE = YES_ERROR;
				CLANG_WARN_DOCUMENTATION_COMMENTS = YES;
				CLANG_WARN_EMPTY_BODY = YES;
				CLANG_WARN_ENUM_CONVERSION = YES;
				CLANG_WARN_INFINITE_RECURSION = YES;
				CLANG_WARN_INT_CONVERSION = YES;
				CLANG_WARN_NON_LITERAL_NULL_CONVERSION = YES;
				CLANG_WARN_OBJC_IMPLICIT_RETAIN_SELF = YES;
				CLANG_WARN_OBJC_LITERAL_CONVERSION = YES;
				CLANG_WARN_OBJC_ROOT_CLASS = YES_ERROR;
				CLANG_WARN_QUOTED_INCLUDE_IN_FRAMEWORK_HEADER = YES;
				CLANG_WARN_RANGE_LOOP_ANALYSIS = YES;
				CLANG_WARN_STRICT_PROTOTYPES = YES;
				CLANG_WARN_SUSPICIOUS_MOVE = YES;
				CLANG_WARN_UNGUARDED_AVAILABILITY = YES_AGGRESSIVE;
				CLANG_WARN_UNREACHABLE_CODE = YES;
				CLANG_WARN__DUPLICATE_METHOD_MATCH = YES;
				COPY_PHASE_STRIP = NO;
				DEBUG_INFORMATION_FORMAT = "dwarf-with-dsym";
				ENABLE_NS_ASSERTIONS = NO;
				ENABLE_STRICT_OBJC_MSGSEND = YES;
				ENABLE_USER_SCRIPT_SANDBOXING = YES;
				GCC_C_LANGUAGE_STANDARD = gnu17;
				GCC_NO_COMMON_BLOCKS = YES;
				GCC_WARN_64_TO_32_BIT_CONVERSION = YES;
				GCC_WARN_ABOUT_RETURN_TYPE = YES_ERROR;
				GCC_WARN_UNDECLARED_SELECTOR = YES;
				GCC_WARN_UNINITIALIZED_AUTOS = YES_AGGRESSIVE;
				GCC_WARN_UNUSED_FUNCTION = YES;
				GCC_WARN_UNUSED_VARIABLE = YES;
				LOCALIZATION_PREFERS_STRING_CATALOGS = YES;
				MACOSX_DEPLOYMENT_TARGET = 15.0;
				MTL_ENABLE_DEBUG_INFO = NO;
				MTL_FAST_MATH = YES;
				SDKROOT = macosx;
				SWIFT_COMPILATION_MODE = wholemodule;
			};
			name = Release;
		};
		98C5056B2C464E8E00A7B045 /* Debug */ = {
			isa = XCBuildConfiguration;
			buildSettings = {
				ASSETCATALOG_COMPILER_APPICON_NAME = AppIcon;
				ASSETCATALOG_COMPILER_GLOBAL_ACCENT_COLOR_NAME = AccentColor;
				CODE_SIGN_ENTITLEMENTS = EyeSpy/EyeSpy.entitlements;
				CODE_SIGN_STYLE = Automatic;
				COMBINE_HIDPI_IMAGES = YES;
				CURRENT_PROJECT_VERSION = 1;
				DEVELOPMENT_ASSET_PATHS = "\"EyeSpy/Preview Content\"";
				ENABLE_PREVIEWS = YES;
				GENERATE_INFOPLIST_FILE = YES;
				INFOPLIST_KEY_NSCameraUsageDescription = "Camera fun";
				INFOPLIST_KEY_NSHumanReadableCopyright = "";
				LD_RUNPATH_SEARCH_PATHS = (
					"$(inherited)",
					"@executable_path/../Frameworks",
				);
				MARKETING_VERSION = 1.0;
				PRODUCT_BUNDLE_IDENTIFIER = xyz.alexstrnik.EyeSpy;
				PRODUCT_NAME = "$(TARGET_NAME)";
				SWIFT_EMIT_LOC_STRINGS = YES;
				SWIFT_VERSION = 5.0;
			};
			name = Debug;
		};
		98C5056C2C464E8E00A7B045 /* Release */ = {
			isa = XCBuildConfiguration;
			buildSettings = {
				ASSETCATALOG_COMPILER_APPICON_NAME = AppIcon;
				ASSETCATALOG_COMPILER_GLOBAL_ACCENT_COLOR_NAME = AccentColor;
				CODE_SIGN_ENTITLEMENTS = EyeSpy/EyeSpy.entitlements;
				CODE_SIGN_STYLE = Automatic;
				COMBINE_HIDPI_IMAGES = YES;
				CURRENT_PROJECT_VERSION = 1;
				DEVELOPMENT_ASSET_PATHS = "\"EyeSpy/Preview Content\"";
				ENABLE_PREVIEWS = YES;
				GENERATE_INFOPLIST_FILE = YES;
				INFOPLIST_KEY_NSCameraUsageDescription = "Camera fun";
				INFOPLIST_KEY_NSHumanReadableCopyright = "";
				LD_RUNPATH_SEARCH_PATHS = (
					"$(inherited)",
					"@executable_path/../Frameworks",
				);
				MARKETING_VERSION = 1.0;
				PRODUCT_BUNDLE_IDENTIFIER = xyz.alexstrnik.EyeSpy;
				PRODUCT_NAME = "$(TARGET_NAME)";
				SWIFT_EMIT_LOC_STRINGS = YES;
				SWIFT_VERSION = 5.0;
			};
			name = Release;
		};
/* End XCBuildConfiguration section */

/* Begin XCConfigurationList section */
		98C505562C464E8D00A7B045 /* Build configuration list for PBXProject "EyeSpy" */ = {
			isa = XCConfigurationList;
			buildConfigurations = (
				98C505682C464E8E00A7B045 /* Debug */,
				98C505692C464E8E00A7B045 /* Release */,
			);
			defaultConfigurationIsVisible = 0;
			defaultConfigurationName = Release;
		};
		98C5056A2C464E8E00A7B045 /* Build configuration list for PBXNativeTarget "EyeSpy" */ = {
			isa = XCConfigurationList;
			buildConfigurations = (
				98C5056B2C464E8E00A7B045 /* Debug */,
				98C5056C2C464E8E00A7B045 /* Release */,
			);
			defaultConfigurationIsVisible = 0;
			defaultConfigurationName = Release;
		};
/* End XCConfigurationList section */
	};
	rootObject = 98C505532C464E8D00A7B045 /* Project object */;
}
